
Microsoft Visual Studio Solution File, Format Version 12.00
# Visual Studio Version 17
VisualStudioVersion = 17.7.34003.232
MinimumVisualStudioVersion = 10.0.40219.1
Project("{9A19103F-16F7-4668-BE54-9A1E7A4F7556}") = "CqrsMediatrExample.", "CqrsMediatrExample\CqrsMediatrExample..csproj", "{C1023DD1-E91E-4B73-92A4-8ADD6A16ED87}"
EndProject
Project("{9A19103F-16F7-4668-BE54-9A1E7A4F7556}") = "Entities", "Entities\Entities.csproj", "{2DBB0760-F7A8-4AE0-A320-6B29BB622002}"
EndProject
Project("{9A19103F-16F7-4668-BE54-9A1E7A4F7556}") = "Contracts", "Contracts\Contracts.csproj", "{3285E31C-B50B-4EF2-96DE-9BBC333BCC0D}"
EndProject
Project("{9A19103F-16F7-4668-BE54-9A1E7A4F7556}") = "LoggerService", "LoggerService\LoggerService.csproj", "{703C51DC-DAD8-478F-AC7F-86A62CDC808B}"
EndProject
Project("{FAE04EC0-301F-11D3-BF4B-00C04F79EFBC}") = "Repository", "Repository\Repository.csproj", "{BB2F2A7C-E6A2-4050-B725-3FB8D80DF7B9}"
EndProject
Global
	GlobalSection(SolutionConfigurationPlatforms) = preSolution
		Debug|Any CPU = Debug|Any CPU
		Release|Any CPU = Release|Any CPU
	EndGlobalSection
	GlobalSection(ProjectConfigurationPlatforms) = postSolution
		{C1023DD1-E91E-4B73-92A4-8ADD6A16ED87}.Debug|Any CPU.ActiveCfg = Debug|Any CPU
		{C1023DD1-E91E-4B73-92A4-8ADD6A16ED87}.Debug|Any CPU.Build.0 = Debug|Any CPU
		{C1023DD1-E91E-4B73-92A4-8ADD6A16ED87}.Release|Any CPU.ActiveCfg = Release|Any CPU
		{C1023DD1-E91E-4B73-92A4-8ADD6A16ED87}.Release|Any CPU.Build.0 = Release|Any CPU
		{2DBB0760-F7A8-4AE0-A320-6B29BB622002}.Debug|Any CPU.ActiveCfg = Debug|Any CPU
		{2DBB0760-F7A8-4AE0-A320-6B29BB622002}.Debug|Any CPU.Build.0 = Debug|Any CPU
		{2DBB0760-F7A8-4AE0-A320-6B29BB622002}.Release|Any CPU.ActiveCfg = Release|Any CPU
		{2DBB0760-F7A8-4AE0-A320-6B29BB622002}.Release|Any CPU.Build.0 = Release|Any CPU
		{3285E31C-B50B-4EF2-96DE-9BBC333BCC0D}.Debug|Any CPU.ActiveCfg = Debug|Any CPU
		{3285E31C-B50B-4EF2-96DE-9BBC333BCC0D}.Debug|Any CPU.Build.0 = Debug|Any CPU
		{3285E31C-B50B-4EF2-96DE-9BBC333BCC0D}.Release|Any CPU.ActiveCfg = Release|Any CPU
		{3285E31C-B50B-4EF2-96DE-9BBC333BCC0D}.Release|Any CPU.Build.0 = Release|Any CPU
		{703C51DC-DAD8-478F-AC7F-86A62CDC808B}.Debug|Any CPU.ActiveCfg = Debug|Any CPU
		{703C51DC-DAD8-478F-AC7F-86A62CDC808B}.Debug|Any CPU.Build.0 = Debug|Any CPU
		{703C51DC-DAD8-478F-AC7F-86A62CDC808B}.Release|Any CPU.ActiveCfg = Release|Any CPU
		{703C51DC-DAD8-478F-AC7F-86A62CDC808B}.Release|Any CPU.Build.0 = Release|Any CPU
		{BB2F2A7C-E6A2-4050-B725-3FB8D80DF7B9}.Debug|Any CPU.ActiveCfg = Debug|Any CPU
		{BB2F2A7C-E6A2-4050-B725-3FB8D80DF7B9}.Debug|Any CPU.Build.0 = Debug|Any CPU
		{BB2F2A7C-E6A2-4050-B725-3FB8D80DF7B9}.Release|Any CPU.ActiveCfg = Release|Any CPU
		{BB2F2A7C-E6A2-4050-B725-3FB8D80DF7B9}.Release|Any CPU.Build.0 = Release|Any CPU
	EndGlobalSection
	GlobalSection(SolutionProperties) = preSolution
		HideSolutionNode = FALSE
	EndGlobalSection
	GlobalSection(ExtensibilityGlobals) = postSolution
		SolutionGuid = {619AE7F0-4BE4-489C-B52F-843FF7EF2769}
	EndGlobalSection
EndGlobal
